// !$*UTF8*$!
{
	archiveVersion = 1;
	classes = {
	};
	objectVersion = 46;
	objects = {

/* Begin PBXBuildFile section */
		4284D8AB1B73FF61007BF693 /* main.m in Sources */ = {isa = PBXBuildFile; fileRef = 4284D8AA1B73FF61007BF693 /* main.m */; };
		4284D8AE1B73FF61007BF693 /* AppDelegate.m in Sources */ = {isa = PBXBuildFile; fileRef = 4284D8AD1B73FF61007BF693 /* AppDelegate.m */; };
		4284D8B11B73FF61007BF693 /* PlaylistMasterViewController.m in Sources */ = {isa = PBXBuildFile; fileRef = 4284D8B01B73FF61007BF693 /* PlaylistMasterViewController.m */; };
		4284D8B41B73FF61007BF693 /* Main.storyboard in Resources */ = {isa = PBXBuildFile; fileRef = 4284D8B21B73FF61007BF693 /* Main.storyboard */; };
		4284D8B61B73FF61007BF693 /* Images.xcassets in Resources */ = {isa = PBXBuildFile; fileRef = 4284D8B51B73FF61007BF693 /* Images.xcassets */; };
		4284D8B91B73FF61007BF693 /* LaunchScreen.xib in Resources */ = {isa = PBXBuildFile; fileRef = 4284D8B71B73FF61007BF693 /* LaunchScreen.xib */; };
		4284D8C51B73FF61007BF693 /* AlgorythmTests.m in Sources */ = {isa = PBXBuildFile; fileRef = 4284D8C41B73FF61007BF693 /* AlgorythmTests.m */; };
		4284D8D01B74039E007BF693 /* PlaylistDetailViewController.m in Sources */ = {isa = PBXBuildFile; fileRef = 4284D8CF1B74039E007BF693 /* PlaylistDetailViewController.m */; };
		AA853C541B7B9D6500A3A95E /* MusicLibrary.m in Sources */ = {isa = PBXBuildFile; fileRef = AA853C531B7B9D6500A3A95E /* MusicLibrary.m */; };
		AA853C571B7BA3AE00A3A95E /* Playlist.m in Sources */ = {isa = PBXBuildFile; fileRef = AA853C561B7BA3AE00A3A95E /* Playlist.m */; };
/* End PBXBuildFile section */

/* Begin PBXContainerItemProxy section */
		4284D8BF1B73FF61007BF693 /* PBXContainerItemProxy */ = {
			isa = PBXContainerItemProxy;
			containerPortal = 4284D89D1B73FF60007BF693 /* Project object */;
			proxyType = 1;
			remoteGlobalIDString = 4284D8A41B73FF61007BF693;
			remoteInfo = Algorythm;
		};
/* End PBXContainerItemProxy section */

/* Begin PBXFileReference section */
		4284D8A51B73FF61007BF693 /* Algorythm.app */ = {isa = PBXFileReference; explicitFileType = wrapper.application; includeInIndex = 0; path = Algorythm.app; sourceTree = BUILT_PRODUCTS_DIR; };
		4284D8A91B73FF61007BF693 /* Info.plist */ = {isa = PBXFileReference; lastKnownFileType = text.plist.xml; path = Info.plist; sourceTree = "<group>"; };
		4284D8AA1B73FF61007BF693 /* main.m */ = {isa = PBXFileReference; lastKnownFileType = sourcecode.c.objc; path = main.m; sourceTree = "<group>"; };
		4284D8AC1B73FF61007BF693 /* AppDelegate.h */ = {isa = PBXFileReference; lastKnownFileType = sourcecode.c.h; path = AppDelegate.h; sourceTree = "<group>"; };
		4284D8AD1B73FF61007BF693 /* AppDelegate.m */ = {isa = PBXFileReference; lastKnownFileType = sourcecode.c.objc; path = AppDelegate.m; sourceTree = "<group>"; };
		4284D8AF1B73FF61007BF693 /* PlaylistMasterViewController.h */ = {isa = PBXFileReference; lastKnownFileType = sourcecode.c.h; path = PlaylistMasterViewController.h; sourceTree = "<group>"; };
		4284D8B01B73FF61007BF693 /* PlaylistMasterViewController.m */ = {isa = PBXFileReference; lastKnownFileType = sourcecode.c.objc; path = PlaylistMasterViewController.m; sourceTree = "<group>"; };
		4284D8B31B73FF61007BF693 /* Base */ = {isa = PBXFileReference; lastKnownFileType = file.storyboard; name = Base; path = Base.lproj/Main.storyboard; sourceTree = "<group>"; };
		4284D8B51B73FF61007BF693 /* Images.xcassets */ = {isa = PBXFileReference; lastKnownFileType = folder.assetcatalog; path = Images.xcassets; sourceTree = "<group>"; };
		4284D8B81B73FF61007BF693 /* Base */ = {isa = PBXFileReference; lastKnownFileType = file.xib; name = Base; path = Base.lproj/LaunchScreen.xib; sourceTree = "<group>"; };
		4284D8BE1B73FF61007BF693 /* AlgorythmTests.xctest */ = {isa = PBXFileReference; explicitFileType = wrapper.cfbundle; includeInIndex = 0; path = AlgorythmTests.xctest; sourceTree = BUILT_PRODUCTS_DIR; };
		4284D8C31B73FF61007BF693 /* Info.plist */ = {isa = PBXFileReference; lastKnownFileType = text.plist.xml; path = Info.plist; sourceTree = "<group>"; };
		4284D8C41B73FF61007BF693 /* AlgorythmTests.m */ = {isa = PBXFileReference; lastKnownFileType = sourcecode.c.objc; path = AlgorythmTests.m; sourceTree = "<group>"; };
		4284D8CE1B74039E007BF693 /* PlaylistDetailViewController.h */ = {isa = PBXFileReference; fileEncoding = 4; lastKnownFileType = sourcecode.c.h; path = PlaylistDetailViewController.h; sourceTree = "<group>"; };
		4284D8CF1B74039E007BF693 /* PlaylistDetailViewController.m */ = {isa = PBXFileReference; fileEncoding = 4; lastKnownFileType = sourcecode.c.objc; path = PlaylistDetailViewController.m; sourceTree = "<group>"; };
		AA853C521B7B9D6500A3A95E /* MusicLibrary.h */ = {isa = PBXFileReference; fileEncoding = 4; lastKnownFileType = sourcecode.c.h; path = MusicLibrary.h; sourceTree = "<group>"; };
		AA853C531B7B9D6500A3A95E /* MusicLibrary.m */ = {isa = PBXFileReference; fileEncoding = 4; lastKnownFileType = sourcecode.c.objc; path = MusicLibrary.m; sourceTree = "<group>"; };
		AA853C551B7BA3AE00A3A95E /* Playlist.h */ = {isa = PBXFileReference; fileEncoding = 4; lastKnownFileType = sourcecode.c.h; path = Playlist.h; sourceTree = "<group>"; };
		AA853C561B7BA3AE00A3A95E /* Playlist.m */ = {isa = PBXFileReference; fileEncoding = 4; lastKnownFileType = sourcecode.c.objc; path = Playlist.m; sourceTree = "<group>"; };
/* End PBXFileReference section */

/* Begin PBXFrameworksBuildPhase section */
		4284D8A21B73FF61007BF693 /* Frameworks */ = {
			isa = PBXFrameworksBuildPhase;
			buildActionMask = 2147483647;
			files = (
			);
			runOnlyForDeploymentPostprocessing = 0;
		};
		4284D8BB1B73FF61007BF693 /* Frameworks */ = {
			isa = PBXFrameworksBuildPhase;
			buildActionMask = 2147483647;
			files = (
			);
			runOnlyForDeploymentPostprocessing = 0;
		};
/* End PBXFrameworksBuildPhase section */

/* Begin PBXGroup section */
		4284D89C1B73FF60007BF693 = {
			isa = PBXGroup;
			children = (
				4284D8A71B73FF61007BF693 /* Algorythm */,
				4284D8C11B73FF61007BF693 /* AlgorythmTests */,
				4284D8A61B73FF61007BF693 /* Products */,
			);
			sourceTree = "<group>";
		};
		4284D8A61B73FF61007BF693 /* Products */ = {
			isa = PBXGroup;
			children = (
				4284D8A51B73FF61007BF693 /* Algorythm.app */,
				4284D8BE1B73FF61007BF693 /* AlgorythmTests.xctest */,
			);
			name = Products;
			sourceTree = "<group>";
		};
		4284D8A71B73FF61007BF693 /* Algorythm */ = {
			isa = PBXGroup;
			children = (
				4284D8AC1B73FF61007BF693 /* AppDelegate.h */,
				4284D8AD1B73FF61007BF693 /* AppDelegate.m */,
				4284D8AF1B73FF61007BF693 /* PlaylistMasterViewController.h */,
				4284D8B01B73FF61007BF693 /* PlaylistMasterViewController.m */,
				4284D8CE1B74039E007BF693 /* PlaylistDetailViewController.h */,
				4284D8CF1B74039E007BF693 /* PlaylistDetailViewController.m */,
				AA853C521B7B9D6500A3A95E /* MusicLibrary.h */,
				AA853C531B7B9D6500A3A95E /* MusicLibrary.m */,
				AA853C551B7BA3AE00A3A95E /* Playlist.h */,
				AA853C561B7BA3AE00A3A95E /* Playlist.m */,
				4284D8B21B73FF61007BF693 /* Main.storyboard */,
				4284D8B51B73FF61007BF693 /* Images.xcassets */,
				4284D8B71B73FF61007BF693 /* LaunchScreen.xib */,
				4284D8A81B73FF61007BF693 /* Supporting Files */,
			);
			path = Algorythm;
			sourceTree = "<group>";
		};
		4284D8A81B73FF61007BF693 /* Supporting Files */ = {
			isa = PBXGroup;
			children = (
				4284D8A91B73FF61007BF693 /* Info.plist */,
				4284D8AA1B73FF61007BF693 /* main.m */,
			);
			name = "Supporting Files";
			sourceTree = "<group>";
		};
		4284D8C11B73FF61007BF693 /* AlgorythmTests */ = {
			isa = PBXGroup;
			children = (
				4284D8C41B73FF61007BF693 /* AlgorythmTests.m */,
				4284D8C21B73FF61007BF693 /* Supporting Files */,
			);
			path = AlgorythmTests;
			sourceTree = "<group>";
		};
		4284D8C21B73FF61007BF693 /* Supporting Files */ = {
			isa = PBXGroup;
			children = (
				4284D8C31B73FF61007BF693 /* Info.plist */,
			);
			name = "Supporting Files";
			sourceTree = "<group>";
		};
/* End PBXGroup section */

/* Begin PBXNativeTarget section */
		4284D8A41B73FF61007BF693 /* Algorythm */ = {
			isa = PBXNativeTarget;
			buildConfigurationList = 4284D8C81B73FF61007BF693 /* Build configuration list for PBXNativeTarget "Algorythm" */;
			buildPhases = (
				4284D8A11B73FF61007BF693 /* Sources */,
				4284D8A21B73FF61007BF693 /* Frameworks */,
				4284D8A31B73FF61007BF693 /* Resources */,
			);
			buildRules = (
			);
			dependencies = (
			);
			name = Algorythm;
			productName = Algorythm;
			productReference = 4284D8A51B73FF61007BF693 /* Algorythm.app */;
			productType = "com.apple.product-type.application";
		};
		4284D8BD1B73FF61007BF693 /* AlgorythmTests */ = {
			isa = PBXNativeTarget;
			buildConfigurationList = 4284D8CB1B73FF61007BF693 /* Build configuration list for PBXNativeTarget "AlgorythmTests" */;
			buildPhases = (
				4284D8BA1B73FF61007BF693 /* Sources */,
				4284D8BB1B73FF61007BF693 /* Frameworks */,
				4284D8BC1B73FF61007BF693 /* Resources */,
			);
			buildRules = (
			);
			dependencies = (
				4284D8C01B73FF61007BF693 /* PBXTargetDependency */,
			);
			name = AlgorythmTests;
			productName = AlgorythmTests;
			productReference = 4284D8BE1B73FF61007BF693 /* AlgorythmTests.xctest */;
			productType = "com.apple.product-type.bundle.unit-test";
		};
/* End PBXNativeTarget section */

/* Begin PBXProject section */
		4284D89D1B73FF60007BF693 /* Project object */ = {
			isa = PBXProject;
			attributes = {
				LastUpgradeCheck = 0620;
				ORGANIZATIONNAME = KatieExpatriated;
				TargetAttributes = {
					4284D8A41B73FF61007BF693 = {
						CreatedOnToolsVersion = 6.2;
					};
					4284D8BD1B73FF61007BF693 = {
						CreatedOnToolsVersion = 6.2;
						TestTargetID = 4284D8A41B73FF61007BF693;
					};
				};
			};
			buildConfigurationList = 4284D8A01B73FF60007BF693 /* Build configuration list for PBXProject "Algorythm" */;
			compatibilityVersion = "Xcode 3.2";
			developmentRegion = English;
			hasScannedForEncodings = 0;
			knownRegions = (
				en,
				Base,
			);
			mainGroup = 4284D89C1B73FF60007BF693;
			productRefGroup = 4284D8A61B73FF61007BF693 /* Products */;
			projectDirPath = "";
			projectRoot = "";
			targets = (
				4284D8A41B73FF61007BF693 /* Algorythm */,
				4284D8BD1B73FF61007BF693 /* AlgorythmTests */,
			);
		};
/* End PBXProject section */

/* Begin PBXResourcesBuildPhase section */
		4284D8A31B73FF61007BF693 /* Resources */ = {
			isa = PBXResourcesBuildPhase;
			buildActionMask = 2147483647;
			files = (
				4284D8B41B73FF61007BF693 /* Main.storyboard in Resources */,
				4284D8B91B73FF61007BF693 /* LaunchScreen.xib in Resources */,
				4284D8B61B73FF61007BF693 /* Images.xcassets in Resources */,
			);
			runOnlyForDeploymentPostprocessing = 0;
		};
		4284D8BC1B73FF61007BF693 /* Resources */ = {
			isa = PBXResourcesBuildPhase;
			buildActionMask = 2147483647;
			files = (
			);
			runOnlyForDeploymentPostprocessing = 0;
		};
/* End PBXResourcesBuildPhase section */

/* Begin PBXSourcesBuildPhase section */
		4284D8A11B73FF61007BF693 /* Sources */ = {
			isa = PBXSourcesBuildPhase;
			buildActionMask = 2147483647;
			files = (
				4284D8B11B73FF61007BF693 /* PlaylistMasterViewController.m in Sources */,
				AA853C571B7BA3AE00A3A95E /* Playlist.m in Sources */,
				4284D8D01B74039E007BF693 /* PlaylistDetailViewController.m in Sources */,
				4284D8AE1B73FF61007BF693 /* AppDelegate.m in Sources */,
				4284D8AB1B73FF61007BF693 /* main.m in Sources */,
				AA853C541B7B9D6500A3A95E /* MusicLibrary.m in Sources */,
			);
			runOnlyForDeploymentPostprocessing = 0;
		};
		4284D8BA1B73FF61007BF693 /* Sources */ = {
			isa = PBXSourcesBuildPhase;
			buildActionMask = 2147483647;
			files = (
				4284D8C51B73FF61007BF693 /* AlgorythmTests.m in Sources */,
			);
			runOnlyForDeploymentPostprocessing = 0;
		};
/* End PBXSourcesBuildPhase section */

/* Begin PBXTargetDependency section */
		4284D8C01B73FF61007BF693 /* PBXTargetDependency */ = {
			isa = PBXTargetDependency;
			target = 4284D8A41B73FF61007BF693 /* Algorythm */;
			targetProxy = 4284D8BF1B73FF61007BF693 /* PBXContainerItemProxy */;
		};
/* End PBXTargetDependency section */

/* Begin PBXVariantGroup section */
		4284D8B21B73FF61007BF693 /* Main.storyboard */ = {
			isa = PBXVariantGroup;
			children = (
				4284D8B31B73FF61007BF693 /* Base */,
			);
			name = Main.storyboard;
			sourceTree = "<group>";
		};
		4284D8B71B73FF61007BF693 /* LaunchScreen.xib */ = {
			isa = PBXVariantGroup;
			children = (
				4284D8B81B73FF61007BF693 /* Base */,
			);
			name = LaunchScreen.xib;
			sourceTree = "<group>";
		};
/* End PBXVariantGroup section */

/* Begin XCBuildConfiguration section */
		4284D8C61B73FF61007BF693 /* Debug */ = {
			isa = XCBuildConfiguration;
			buildSettings = {
				ALWAYS_SEARCH_USER_PATHS = NO;
				CLANG_CXX_LANGUAGE_STANDARD = "gnu++0x";
				CLANG_CXX_LIBRARY = "libc++";
				CLANG_ENABLE_MODULES = YES;
				CLANG_ENABLE_OBJC_ARC = YES;
				CLANG_WARN_BOOL_CONVERSION = YES;
				CLANG_WARN_CONSTANT_CONVERSION = YES;
				CLANG_WARN_DIRECT_OBJC_ISA_USAGE = YES_ERROR;
				CLANG_WARN_EMPTY_BODY = YES;
				CLANG_WARN_ENUM_CONVERSION = YES;
				CLANG_WARN_INT_CONVERSION = YES;
				CLANG_WARN_OBJC_ROOT_CLASS = YES_ERROR;
				CLANG_WARN_UNREACHABLE_CODE = YES;
				CLANG_WARN__DUPLICATE_METHOD_MATCH = YES;
				"CODE_SIGN_IDENTITY[sdk=iphoneos*]" = "iPhone Developer";
				COPY_PHASE_STRIP = NO;
				ENABLE_STRICT_OBJC_MSGSEND = YES;
				GCC_C_LANGUAGE_STANDARD = gnu99;
				GCC_DYNAMIC_NO_PIC = NO;
				GCC_OPTIMIZATION_LEVEL = 0;
				GCC_PREPROCESSOR_DEFINITIONS = (
					"DEBUG=1",
					"$(inherited)",
				);
				GCC_SYMBOLS_PRIVATE_EXTERN = NO;
				GCC_WARN_64_TO_32_BIT_CONVERSION = YES;
				GCC_WARN_ABOUT_RETURN_TYPE = YES_ERROR;
				GCC_WARN_UNDECLARED_SELECTOR = YES;
				GCC_WARN_UNINITIALIZED_AUTOS = YES_AGGRESSIVE;
				GCC_WARN_UNUSED_FUNCTION = YES;
				GCC_WARN_UNUSED_VARIABLE = YES;
				IPHONEOS_DEPLOYMENT_TARGET = 8.2;
				MTL_ENABLE_DEBUG_INFO = YES;
				ONLY_ACTIVE_ARCH = YES;
				SDKROOT = iphoneos;
			};
			name = Debug;
		};
		4284D8C71B73FF61007BF693 /* Release */ = {
			isa = XCBuildConfiguration;
			buildSettings = {
				ALWAYS_SEARCH_USER_PATHS = NO;
				CLANG_CXX_LANGUAGE_STANDARD = "gnu++0x";
				CLANG_CXX_LIBRARY = "libc++";
				CLANG_ENABLE_MODULES = YES;
				CLANG_ENABLE_OBJC_ARC = YES;
				CLANG_WARN_BOOL_CONVERSION = YES;
				CLANG_WARN_CONSTANT_CONVERSION = YES;
				CLANG_WARN_DIRECT_OBJC_ISA_USAGE = YES_ERROR;
				CLANG_WARN_EMPTY_BODY = YES;
				CLANG_WARN_ENUM_CONVERSION = YES;
				CLANG_WARN_INT_CONVERSION = YES;
				CLANG_WARN_OBJC_ROOT_CLASS = YES_ERROR;
				CLANG_WARN_UNREACHABLE_CODE = YES;
				CLANG_WARN__DUPLICATE_METHOD_MATCH = YES;
				"CODE_SIGN_IDENTITY[sdk=iphoneos*]" = "iPhone Developer";
				COPY_PHASE_STRIP = NO;
				ENABLE_NS_ASSERTIONS = NO;
				ENABLE_STRICT_OBJC_MSGSEND = YES;
				GCC_C_LANGUAGE_STANDARD = gnu99;
				GCC_WARN_64_TO_32_BIT_CONVERSION = YES;
				GCC_WARN_ABOUT_RETURN_TYPE = YES_ERROR;
				GCC_WARN_UNDECLARED_SELECTOR = YES;
				GCC_WARN_UNINITIALIZED_AUTOS = YES_AGGRESSIVE;
				GCC_WARN_UNUSED_FUNCTION = YES;
				GCC_WARN_UNUSED_VARIABLE = YES;
				IPHONEOS_DEPLOYMENT_TARGET = 8.2;
				MTL_ENABLE_DEBUG_INFO = NO;
				SDKROOT = iphoneos;
				VALIDATE_PRODUCT = YES;
			};
			name = Release;
		};
		4284D8C91B73FF61007BF693 /* Debug */ = {
			isa = XCBuildConfiguration;
			buildSettings = {
				ASSETCATALOG_COMPILER_APPICON_NAME = AppIcon;
				INFOPLIST_FILE = Algorythm/Info.plist;
				LD_RUNPATH_SEARCH_PATHS = "$(inherited) @executable_path/Frameworks";
				PRODUCT_NAME = "$(TARGET_NAME)";
			};
			name = Debug;
		};
		4284D8CA1B73FF61007BF693 /* Release */ = {
			isa = XCBuildConfiguration;
			buildSettings = {
				ASSETCATALOG_COMPILER_APPICON_NAME = AppIcon;
				INFOPLIST_FILE = Algorythm/Info.plist;
				LD_RUNPATH_SEARCH_PATHS = "$(inherited) @executable_path/Frameworks";
				PRODUCT_NAME = "$(TARGET_NAME)";
			};
			name = Release;
		};
		4284D8CC1B73FF61007BF693 /* Debug */ = {
			isa = XCBuildConfiguration;
			buildSettings = {
				BUNDLE_LOADER = "$(TEST_HOST)";
				FRAMEWORK_SEARCH_PATHS = (
					"$(SDKROOT)/Developer/Library/Frameworks",
					"$(inherited)",
				);
				GCC_PREPROCESSOR_DEFINITIONS = (
					"DEBUG=1",
					"$(inherited)",
				);
				INFOPLIST_FILE = AlgorythmTests/Info.plist;
				LD_RUNPATH_SEARCH_PATHS = "$(inherited) @executable_path/Frameworks @loader_path/Frameworks";
				PRODUCT_NAME = "$(TARGET_NAME)";
				TEST_HOST = "$(BUILT_PRODUCTS_DIR)/Algorythm.app/Algorythm";
			};
			name = Debug;
		};
		4284D8CD1B73FF61007BF693 /* Release */ = {
			isa = XCBuildConfiguration;
			buildSettings = {
				BUNDLE_LOADER = "$(TEST_HOST)";
				FRAMEWORK_SEARCH_PATHS = (
					"$(SDKROOT)/Developer/Library/Frameworks",
					"$(inherited)",
				);
				INFOPLIST_FILE = AlgorythmTests/Info.plist;
				LD_RUNPATH_SEARCH_PATHS = "$(inherited) @executable_path/Frameworks @loader_path/Frameworks";
				PRODUCT_NAME = "$(TARGET_NAME)";
				TEST_HOST = "$(BUILT_PRODUCTS_DIR)/Algorythm.app/Algorythm";
			};
			name = Release;
		};
/* End XCBuildConfiguration section */

/* Begin XCConfigurationList section */
		4284D8A01B73FF60007BF693 /* Build configuration list for PBXProject "Algorythm" */ = {
			isa = XCConfigurationList;
			buildConfigurations = (
				4284D8C61B73FF61007BF693 /* Debug */,
				4284D8C71B73FF61007BF693 /* Release */,
			);
			defaultConfigurationIsVisible = 0;
			defaultConfigurationName = Release;
		};
		4284D8C81B73FF61007BF693 /* Build configuration list for PBXNativeTarget "Algorythm" */ = {
			isa = XCConfigurationList;
			buildConfigurations = (
				4284D8C91B73FF61007BF693 /* Debug */,
				4284D8CA1B73FF61007BF693 /* Release */,
			);
			defaultConfigurationIsVisible = 0;
			defaultConfigurationName = Release;
		};
		4284D8CB1B73FF61007BF693 /* Build configuration list for PBXNativeTarget "AlgorythmTests" */ = {
			isa = XCConfigurationList;
			buildConfigurations = (
				4284D8CC1B73FF61007BF693 /* Debug */,
				4284D8CD1B73FF61007BF693 /* Release */,
			);
			defaultConfigurationIsVisible = 0;
			defaultConfigurationName = Release;
		};
/* End XCConfigurationList section */
	};
	rootObject = 4284D89D1B73FF60007BF693 /* Project object */;
}
